{
  "object": {
    "pins": [
      {
        "package": "RNCryptor",
        "repositoryURL": "https://github.com/RNCryptor/RNCryptor",
        "state": {
          "branch": "master",
          "revision": "5e3bbf44f08bf90049537cb8902d8f4fa911a79a",
          "version": null
        }
      },
      {
        "package": "swift-argument-parser",
        "repositoryURL": "https://github.com/apple/swift-argument-parser.git",
        "state": {
          "branch": null,
          "revision": "986d191f94cec88f6350056da59c2e59e83d1229",
          "version": "0.4.3"
        }
      }
    ]
  },
  "version": 1
}
